
Microsoft Visual Studio Solution File, Format Version 12.00
# Visual Studio Version 16
VisualStudioVersion = 16.0.29613.14
MinimumVisualStudioVersion = 10.0.40219.1
Project("{FAE04EC0-301F-11D3-BF4B-00C04F79EFBC}") = "Proj", "Proj.csproj", "{6C824B8B-9400-4FE0-B353-5ECEC75E0752}"
EndProject
Global
	GlobalSection(SolutionConfigurationPlatforms) = preSolution
		Debug|Any CPU = Debug|Any CPU
		Release|Any CPU = Release|Any CPU
	EndGlobalSection
	GlobalSection(ProjectConfigurationPlatforms) = postSolution
		{6C824B8B-9400-4FE0-B353-5ECEC75E0752}.Debug|Any CPU.ActiveCfg = Debug|Any CPU
		{6C824B8B-9400-4FE0-B353-5ECEC75E0752}.Debug|Any CPU.Build.0 = Debug|Any CPU
		{6C824B8B-9400-4FE0-B353-5ECEC75E0752}.Release|Any CPU.ActiveCfg = Release|Any CPU
		{6C824B8B-9400-4FE0-B353-5ECEC75E0752}.Release|Any CPU.Build.0 = Release|Any CPU
	EndGlobalSection
	GlobalSection(SolutionProperties) = preSolution
		HideSolutionNode = FALSE
	EndGlobalSection
	GlobalSection(ExtensibilityGlobals) = postSolution
		SolutionGuid = {1FD07C18-C7F3-47F8-BCD0-92638CAA1F5C}
	EndGlobalSection
EndGlobal
